// !$*UTF8*$!
{
	archiveVersion = 1;
	classes = {
	};
	objectVersion = 50;
	objects = {

/* Begin PBXBuildFile section */
		EE262AC12642583F0038EBDB /* AppDelegate.swift in Sources */ = {isa = PBXBuildFile; fileRef = EE262AC02642583F0038EBDB /* AppDelegate.swift */; };
		EE262AC32642583F0038EBDB /* SceneDelegate.swift in Sources */ = {isa = PBXBuildFile; fileRef = EE262AC22642583F0038EBDB /* SceneDelegate.swift */; };
		EE262AC52642583F0038EBDB /* ViewController.swift in Sources */ = {isa = PBXBuildFile; fileRef = EE262AC42642583F0038EBDB /* ViewController.swift */; };
		EE262AC82642583F0038EBDB /* Main.storyboard in Resources */ = {isa = PBXBuildFile; fileRef = EE262AC62642583F0038EBDB /* Main.storyboard */; };
		EE262ACA264258400038EBDB /* Assets.xcassets in Resources */ = {isa = PBXBuildFile; fileRef = EE262AC9264258400038EBDB /* Assets.xcassets */; };
		EE262ACD264258400038EBDB /* LaunchScreen.storyboard in Resources */ = {isa = PBXBuildFile; fileRef = EE262ACB264258400038EBDB /* LaunchScreen.storyboard */; };
		EE262AD8264258400038EBDB /* ikidTests.swift in Sources */ = {isa = PBXBuildFile; fileRef = EE262AD7264258400038EBDB /* ikidTests.swift */; };
		EE262AE3264258400038EBDB /* ikidUITests.swift in Sources */ = {isa = PBXBuildFile; fileRef = EE262AE2264258400038EBDB /* ikidUITests.swift */; };
/* End PBXBuildFile section */

/* Begin PBXContainerItemProxy section */
		EE262AD4264258400038EBDB /* PBXContainerItemProxy */ = {
			isa = PBXContainerItemProxy;
			containerPortal = EE262AB52642583F0038EBDB /* Project object */;
			proxyType = 1;
			remoteGlobalIDString = EE262ABC2642583F0038EBDB;
			remoteInfo = ikid;
		};
		EE262ADF264258400038EBDB /* PBXContainerItemProxy */ = {
			isa = PBXContainerItemProxy;
			containerPortal = EE262AB52642583F0038EBDB /* Project object */;
			proxyType = 1;
			remoteGlobalIDString = EE262ABC2642583F0038EBDB;
			remoteInfo = ikid;
		};
/* End PBXContainerItemProxy section */

/* Begin PBXFileReference section */
		EE262ABD2642583F0038EBDB /* ikid.app */ = {isa = PBXFileReference; explicitFileType = wrapper.application; includeInIndex = 0; path = ikid.app; sourceTree = BUILT_PRODUCTS_DIR; };
		EE262AC02642583F0038EBDB /* AppDelegate.swift */ = {isa = PBXFileReference; lastKnownFileType = sourcecode.swift; path = AppDelegate.swift; sourceTree = "<group>"; };
		EE262AC22642583F0038EBDB /* SceneDelegate.swift */ = {isa = PBXFileReference; lastKnownFileType = sourcecode.swift; path = SceneDelegate.swift; sourceTree = "<group>"; };
		EE262AC42642583F0038EBDB /* ViewController.swift */ = {isa = PBXFileReference; lastKnownFileType = sourcecode.swift; path = ViewController.swift; sourceTree = "<group>"; };
		EE262AC72642583F0038EBDB /* Base */ = {isa = PBXFileReference; lastKnownFileType = file.storyboard; name = Base; path = Base.lproj/Main.storyboard; sourceTree = "<group>"; };
		EE262AC9264258400038EBDB /* Assets.xcassets */ = {isa = PBXFileReference; lastKnownFileType = folder.assetcatalog; path = Assets.xcassets; sourceTree = "<group>"; };
		EE262ACC264258400038EBDB /* Base */ = {isa = PBXFileReference; lastKnownFileType = file.storyboard; name = Base; path = Base.lproj/LaunchScreen.storyboard; sourceTree = "<group>"; };
		EE262ACE264258400038EBDB /* Info.plist */ = {isa = PBXFileReference; lastKnownFileType = text.plist.xml; path = Info.plist; sourceTree = "<group>"; };
		EE262AD3264258400038EBDB /* ikidTests.xctest */ = {isa = PBXFileReference; explicitFileType = wrapper.cfbundle; includeInIndex = 0; path = ikidTests.xctest; sourceTree = BUILT_PRODUCTS_DIR; };
		EE262AD7264258400038EBDB /* ikidTests.swift */ = {isa = PBXFileReference; lastKnownFileType = sourcecode.swift; path = ikidTests.swift; sourceTree = "<group>"; };
		EE262AD9264258400038EBDB /* Info.plist */ = {isa = PBXFileReference; lastKnownFileType = text.plist.xml; path = Info.plist; sourceTree = "<group>"; };
		EE262ADE264258400038EBDB /* ikidUITests.xctest */ = {isa = PBXFileReference; explicitFileType = wrapper.cfbundle; includeInIndex = 0; path = ikidUITests.xctest; sourceTree = BUILT_PRODUCTS_DIR; };
		EE262AE2264258400038EBDB /* ikidUITests.swift */ = {isa = PBXFileReference; lastKnownFileType = sourcecode.swift; path = ikidUITests.swift; sourceTree = "<group>"; };
		EE262AE4264258400038EBDB /* Info.plist */ = {isa = PBXFileReference; lastKnownFileType = text.plist.xml; path = Info.plist; sourceTree = "<group>"; };
/* End PBXFileReference section */

/* Begin PBXFrameworksBuildPhase section */
		EE262ABA2642583F0038EBDB /* Frameworks */ = {
			isa = PBXFrameworksBuildPhase;
			buildActionMask = 2147483647;
			files = (
			);
			runOnlyForDeploymentPostprocessing = 0;
		};
		EE262AD0264258400038EBDB /* Frameworks */ = {
			isa = PBXFrameworksBuildPhase;
			buildActionMask = 2147483647;
			files = (
			);
			runOnlyForDeploymentPostprocessing = 0;
		};
		EE262ADB264258400038EBDB /* Frameworks */ = {
			isa = PBXFrameworksBuildPhase;
			buildActionMask = 2147483647;
			files = (
			);
			runOnlyForDeploymentPostprocessing = 0;
		};
/* End PBXFrameworksBuildPhase section */

/* Begin PBXGroup section */
		EE262AB42642583F0038EBDB = {
			isa = PBXGroup;
			children = (
				EE262ABF2642583F0038EBDB /* ikid */,
				EE262AD6264258400038EBDB /* ikidTests */,
				EE262AE1264258400038EBDB /* ikidUITests */,
				EE262ABE2642583F0038EBDB /* Products */,
			);
			sourceTree = "<group>";
		};
		EE262ABE2642583F0038EBDB /* Products */ = {
			isa = PBXGroup;
			children = (
				EE262ABD2642583F0038EBDB /* ikid.app */,
				EE262AD3264258400038EBDB /* ikidTests.xctest */,
				EE262ADE264258400038EBDB /* ikidUITests.xctest */,
			);
			name = Products;
			sourceTree = "<group>";
		};
		EE262ABF2642583F0038EBDB /* ikid */ = {
			isa = PBXGroup;
			children = (
				EE262AC02642583F0038EBDB /* AppDelegate.swift */,
				EE262AC22642583F0038EBDB /* SceneDelegate.swift */,
				EE262AC42642583F0038EBDB /* ViewController.swift */,
				EE262AC62642583F0038EBDB /* Main.storyboard */,
				EE262AC9264258400038EBDB /* Assets.xcassets */,
				EE262ACB264258400038EBDB /* LaunchScreen.storyboard */,
				EE262ACE264258400038EBDB /* Info.plist */,
			);
			path = ikid;
			sourceTree = "<group>";
		};
		EE262AD6264258400038EBDB /* ikidTests */ = {
			isa = PBXGroup;
			children = (
				EE262AD7264258400038EBDB /* ikidTests.swift */,
				EE262AD9264258400038EBDB /* Info.plist */,
			);
			path = ikidTests;
			sourceTree = "<group>";
		};
		EE262AE1264258400038EBDB /* ikidUITests */ = {
			isa = PBXGroup;
			children = (
				EE262AE2264258400038EBDB /* ikidUITests.swift */,
				EE262AE4264258400038EBDB /* Info.plist */,
			);
			path = ikidUITests;
			sourceTree = "<group>";
		};
/* End PBXGroup section */

/* Begin PBXNativeTarget section */
		EE262ABC2642583F0038EBDB /* ikid */ = {
			isa = PBXNativeTarget;
			buildConfigurationList = EE262AE7264258400038EBDB /* Build configuration list for PBXNativeTarget "ikid" */;
			buildPhases = (
				EE262AB92642583F0038EBDB /* Sources */,
				EE262ABA2642583F0038EBDB /* Frameworks */,
				EE262ABB2642583F0038EBDB /* Resources */,
			);
			buildRules = (
			);
			dependencies = (
			);
			name = ikid;
			productName = ikid;
			productReference = EE262ABD2642583F0038EBDB /* ikid.app */;
			productType = "com.apple.product-type.application";
		};
		EE262AD2264258400038EBDB /* ikidTests */ = {
			isa = PBXNativeTarget;
			buildConfigurationList = EE262AEA264258400038EBDB /* Build configuration list for PBXNativeTarget "ikidTests" */;
			buildPhases = (
				EE262ACF264258400038EBDB /* Sources */,
				EE262AD0264258400038EBDB /* Frameworks */,
				EE262AD1264258400038EBDB /* Resources */,
			);
			buildRules = (
			);
			dependencies = (
				EE262AD5264258400038EBDB /* PBXTargetDependency */,
			);
			name = ikidTests;
			productName = ikidTests;
			productReference = EE262AD3264258400038EBDB /* ikidTests.xctest */;
			productType = "com.apple.product-type.bundle.unit-test";
		};
		EE262ADD264258400038EBDB /* ikidUITests */ = {
			isa = PBXNativeTarget;
			buildConfigurationList = EE262AED264258400038EBDB /* Build configuration list for PBXNativeTarget "ikidUITests" */;
			buildPhases = (
				EE262ADA264258400038EBDB /* Sources */,
				EE262ADB264258400038EBDB /* Frameworks */,
				EE262ADC264258400038EBDB /* Resources */,
			);
			buildRules = (
			);
			dependencies = (
				EE262AE0264258400038EBDB /* PBXTargetDependency */,
			);
			name = ikidUITests;
			productName = ikidUITests;
			productReference = EE262ADE264258400038EBDB /* ikidUITests.xctest */;
			productType = "com.apple.product-type.bundle.ui-testing";
		};
/* End PBXNativeTarget section */

/* Begin PBXProject section */
		EE262AB52642583F0038EBDB /* Project object */ = {
			isa = PBXProject;
			attributes = {
				LastSwiftUpdateCheck = 1250;
				LastUpgradeCheck = 1250;
				TargetAttributes = {
					EE262ABC2642583F0038EBDB = {
						CreatedOnToolsVersion = 12.5;
					};
					EE262AD2264258400038EBDB = {
						CreatedOnToolsVersion = 12.5;
						TestTargetID = EE262ABC2642583F0038EBDB;
					};
					EE262ADD264258400038EBDB = {
						CreatedOnToolsVersion = 12.5;
						TestTargetID = EE262ABC2642583F0038EBDB;
					};
				};
			};
			buildConfigurationList = EE262AB82642583F0038EBDB /* Build configuration list for PBXProject "ikid" */;
			compatibilityVersion = "Xcode 9.3";
			developmentRegion = en;
			hasScannedForEncodings = 0;
			knownRegions = (
				en,
				Base,
			);
			mainGroup = EE262AB42642583F0038EBDB;
			productRefGroup = EE262ABE2642583F0038EBDB /* Products */;
			projectDirPath = "";
			projectRoot = "";
			targets = (
				EE262ABC2642583F0038EBDB /* ikid */,
				EE262AD2264258400038EBDB /* ikidTests */,
				EE262ADD264258400038EBDB /* ikidUITests */,
			);
		};
/* End PBXProject section */

/* Begin PBXResourcesBuildPhase section */
		EE262ABB2642583F0038EBDB /* Resources */ = {
			isa = PBXResourcesBuildPhase;
			buildActionMask = 2147483647;
			files = (
				EE262ACD264258400038EBDB /* LaunchScreen.storyboard in Resources */,
				EE262ACA264258400038EBDB /* Assets.xcassets in Resources */,
				EE262AC82642583F0038EBDB /* Main.storyboard in Resources */,
			);
			runOnlyForDeploymentPostprocessing = 0;
		};
		EE262AD1264258400038EBDB /* Resources */ = {
			isa = PBXResourcesBuildPhase;
			buildActionMask = 2147483647;
			files = (
			);
			runOnlyForDeploymentPostprocessing = 0;
		};
		EE262ADC264258400038EBDB /* Resources */ = {
			isa = PBXResourcesBuildPhase;
			buildActionMask = 2147483647;
			files = (
			);
			runOnlyForDeploymentPostprocessing = 0;
		};
/* End PBXResourcesBuildPhase section */

/* Begin PBXSourcesBuildPhase section */
		EE262AB92642583F0038EBDB /* Sources */ = {
			isa = PBXSourcesBuildPhase;
			buildActionMask = 2147483647;
			files = (
				EE262AC52642583F0038EBDB /* ViewController.swift in Sources */,
				EE262AC12642583F0038EBDB /* AppDelegate.swift in Sources */,
				EE262AC32642583F0038EBDB /* SceneDelegate.swift in Sources */,
			);
			runOnlyForDeploymentPostprocessing = 0;
		};
		EE262ACF264258400038EBDB /* Sources */ = {
			isa = PBXSourcesBuildPhase;
			buildActionMask = 2147483647;
			files = (
				EE262AD8264258400038EBDB /* ikidTests.swift in Sources */,
			);
			runOnlyForDeploymentPostprocessing = 0;
		};
		EE262ADA264258400038EBDB /* Sources */ = {
			isa = PBXSourcesBuildPhase;
			buildActionMask = 2147483647;
			files = (
				EE262AE3264258400038EBDB /* ikidUITests.swift in Sources */,
			);
			runOnlyForDeploymentPostprocessing = 0;
		};
/* End PBXSourcesBuildPhase section */

/* Begin PBXTargetDependency section */
		EE262AD5264258400038EBDB /* PBXTargetDependency */ = {
			isa = PBXTargetDependency;
			target = EE262ABC2642583F0038EBDB /* ikid */;
			targetProxy = EE262AD4264258400038EBDB /* PBXContainerItemProxy */;
		};
		EE262AE0264258400038EBDB /* PBXTargetDependency */ = {
			isa = PBXTargetDependency;
			target = EE262ABC2642583F0038EBDB /* ikid */;
			targetProxy = EE262ADF264258400038EBDB /* PBXContainerItemProxy */;
		};
/* End PBXTargetDependency section */

/* Begin PBXVariantGroup section */
		EE262AC62642583F0038EBDB /* Main.storyboard */ = {
			isa = PBXVariantGroup;
			children = (
				EE262AC72642583F0038EBDB /* Base */,
			);
			name = Main.storyboard;
			sourceTree = "<group>";
		};
		EE262ACB264258400038EBDB /* LaunchScreen.storyboard */ = {
			isa = PBXVariantGroup;
			children = (
				EE262ACC264258400038EBDB /* Base */,
			);
			name = LaunchScreen.storyboard;
			sourceTree = "<group>";
		};
/* End PBXVariantGroup section */

/* Begin XCBuildConfiguration section */
		EE262AE5264258400038EBDB /* Debug */ = {
			isa = XCBuildConfiguration;
			buildSettings = {
				ALWAYS_SEARCH_USER_PATHS = NO;
				CLANG_ANALYZER_NONNULL = YES;
				CLANG_ANALYZER_NUMBER_OBJECT_CONVERSION = YES_AGGRESSIVE;
				CLANG_CXX_LANGUAGE_STANDARD = "gnu++14";
				CLANG_CXX_LIBRARY = "libc++";
				CLANG_ENABLE_MODULES = YES;
				CLANG_ENABLE_OBJC_ARC = YES;
				CLANG_ENABLE_OBJC_WEAK = YES;
				CLANG_WARN_BLOCK_CAPTURE_AUTORELEASING = YES;
				CLANG_WARN_BOOL_CONVERSION = YES;
				CLANG_WARN_COMMA = YES;
				CLANG_WARN_CONSTANT_CONVERSION = YES;
				CLANG_WARN_DEPRECATED_OBJC_IMPLEMENTATIONS = YES;
				CLANG_WARN_DIRECT_OBJC_ISA_USAGE = YES_ERROR;
				CLANG_WARN_DOCUMENTATION_COMMENTS = YES;
				CLANG_WARN_EMPTY_BODY = YES;
				CLANG_WARN_ENUM_CONVERSION = YES;
				CLANG_WARN_INFINITE_RECURSION = YES;
				CLANG_WARN_INT_CONVERSION = YES;
				CLANG_WARN_NON_LITERAL_NULL_CONVERSION = YES;
				CLANG_WARN_OBJC_IMPLICIT_RETAIN_SELF = YES;
				CLANG_WARN_OBJC_LITERAL_CONVERSION = YES;
				CLANG_WARN_OBJC_ROOT_CLASS = YES_ERROR;
				CLANG_WARN_QUOTED_INCLUDE_IN_FRAMEWORK_HEADER = YES;
				CLANG_WARN_RANGE_LOOP_ANALYSIS = YES;
				CLANG_WARN_STRICT_PROTOTYPES = YES;
				CLANG_WARN_SUSPICIOUS_MOVE = YES;
				CLANG_WARN_UNGUARDED_AVAILABILITY = YES_AGGRESSIVE;
				CLANG_WARN_UNREACHABLE_CODE = YES;
				CLANG_WARN__DUPLICATE_METHOD_MATCH = YES;
				COPY_PHASE_STRIP = NO;
				DEBUG_INFORMATION_FORMAT = dwarf;
				ENABLE_STRICT_OBJC_MSGSEND = YES;
				ENABLE_TESTABILITY = YES;
				GCC_C_LANGUAGE_STANDARD = gnu11;
				GCC_DYNAMIC_NO_PIC = NO;
				GCC_NO_COMMON_BLOCKS = YES;
				GCC_OPTIMIZATION_LEVEL = 0;
				GCC_PREPROCESSOR_DEFINITIONS = (
					"DEBUG=1",
					"$(inherited)",
				);
				GCC_WARN_64_TO_32_BIT_CONVERSION = YES;
				GCC_WARN_ABOUT_RETURN_TYPE = YES_ERROR;
				GCC_WARN_UNDECLARED_SELECTOR = YES;
				GCC_WARN_UNINITIALIZED_AUTOS = YES_AGGRESSIVE;
				GCC_WARN_UNUSED_FUNCTION = YES;
				GCC_WARN_UNUSED_VARIABLE = YES;
				IPHONEOS_DEPLOYMENT_TARGET = 14.5;
				MTL_ENABLE_DEBUG_INFO = INCLUDE_SOURCE;
				MTL_FAST_MATH = YES;
				ONLY_ACTIVE_ARCH = YES;
				SDKROOT = iphoneos;
				SWIFT_ACTIVE_COMPILATION_CONDITIONS = DEBUG;
				SWIFT_OPTIMIZATION_LEVEL = "-Onone";
			};
			name = Debug;
		};
		EE262AE6264258400038EBDB /* Release */ = {
			isa = XCBuildConfiguration;
			buildSettings = {
				ALWAYS_SEARCH_USER_PATHS = NO;
				CLANG_ANALYZER_NONNULL = YES;
				CLANG_ANALYZER_NUMBER_OBJECT_CONVERSION = YES_AGGRESSIVE;
				CLANG_CXX_LANGUAGE_STANDARD = "gnu++14";
				CLANG_CXX_LIBRARY = "libc++";
				CLANG_ENABLE_MODULES = YES;
				CLANG_ENABLE_OBJC_ARC = YES;
				CLANG_ENABLE_OBJC_WEAK = YES;
				CLANG_WARN_BLOCK_CAPTURE_AUTORELEASING = YES;
				CLANG_WARN_BOOL_CONVERSION = YES;
				CLANG_WARN_COMMA = YES;
				CLANG_WARN_CONSTANT_CONVERSION = YES;
				CLANG_WARN_DEPRECATED_OBJC_IMPLEMENTATIONS = YES;
				CLANG_WARN_DIRECT_OBJC_ISA_USAGE = YES_ERROR;
				CLANG_WARN_DOCUMENTATION_COMMENTS = YES;
				CLANG_WARN_EMPTY_BODY = YES;
				CLANG_WARN_ENUM_CONVERSION = YES;
				CLANG_WARN_INFINITE_RECURSION = YES;
				CLANG_WARN_INT_CONVERSION = YES;
				CLANG_WARN_NON_LITERAL_NULL_CONVERSION = YES;
				CLANG_WARN_OBJC_IMPLICIT_RETAIN_SELF = YES;
				CLANG_WARN_OBJC_LITERAL_CONVERSION = YES;
				CLANG_WARN_OBJC_ROOT_CLASS = YES_ERROR;
				CLANG_WARN_QUOTED_INCLUDE_IN_FRAMEWORK_HEADER = YES;
				CLANG_WARN_RANGE_LOOP_ANALYSIS = YES;
				CLANG_WARN_STRICT_PROTOTYPES = YES;
				CLANG_WARN_SUSPICIOUS_MOVE = YES;
				CLANG_WARN_UNGUARDED_AVAILABILITY = YES_AGGRESSIVE;
				CLANG_WARN_UNREACHABLE_CODE = YES;
				CLANG_WARN__DUPLICATE_METHOD_MATCH = YES;
				COPY_PHASE_STRIP = NO;
				DEBUG_INFORMATION_FORMAT = "dwarf-with-dsym";
				ENABLE_NS_ASSERTIONS = NO;
				ENABLE_STRICT_OBJC_MSGSEND = YES;
				GCC_C_LANGUAGE_STANDARD = gnu11;
				GCC_NO_COMMON_BLOCKS = YES;
				GCC_WARN_64_TO_32_BIT_CONVERSION = YES;
				GCC_WARN_ABOUT_RETURN_TYPE = YES_ERROR;
				GCC_WARN_UNDECLARED_SELECTOR = YES;
				GCC_WARN_UNINITIALIZED_AUTOS = YES_AGGRESSIVE;
				GCC_WARN_UNUSED_FUNCTION = YES;
				GCC_WARN_UNUSED_VARIABLE = YES;
				IPHONEOS_DEPLOYMENT_TARGET = 14.5;
				MTL_ENABLE_DEBUG_INFO = NO;
				MTL_FAST_MATH = YES;
				SDKROOT = iphoneos;
				SWIFT_COMPILATION_MODE = wholemodule;
				SWIFT_OPTIMIZATION_LEVEL = "-O";
				VALIDATE_PRODUCT = YES;
			};
			name = Release;
		};
		EE262AE8264258400038EBDB /* Debug */ = {
			isa = XCBuildConfiguration;
			buildSettings = {
				ASSETCATALOG_COMPILER_APPICON_NAME = AppIcon;
				ASSETCATALOG_COMPILER_GLOBAL_ACCENT_COLOR_NAME = AccentColor;
				CODE_SIGN_STYLE = Automatic;
				DEVELOPMENT_TEAM = YRHM8556J5;
				INFOPLIST_FILE = ikid/Info.plist;
				LD_RUNPATH_SEARCH_PATHS = (
					"$(inherited)",
					"@executable_path/Frameworks",
				);
				PRODUCT_BUNDLE_IDENTIFIER = chang.ikid;
				PRODUCT_NAME = "$(TARGET_NAME)";
				SWIFT_VERSION = 5.0;
				TARGETED_DEVICE_FAMILY = "1,2";
			};
			name = Debug;
		};
		EE262AE9264258400038EBDB /* Release */ = {
			isa = XCBuildConfiguration;
			buildSettings = {
				ASSETCATALOG_COMPILER_APPICON_NAME = AppIcon;
				ASSETCATALOG_COMPILER_GLOBAL_ACCENT_COLOR_NAME = AccentColor;
				CODE_SIGN_STYLE = Automatic;
				DEVELOPMENT_TEAM = YRHM8556J5;
				INFOPLIST_FILE = ikid/Info.plist;
				LD_RUNPATH_SEARCH_PATHS = (
					"$(inherited)",
					"@executable_path/Frameworks",
				);
				PRODUCT_BUNDLE_IDENTIFIER = chang.ikid;
				PRODUCT_NAME = "$(TARGET_NAME)";
				SWIFT_VERSION = 5.0;
				TARGETED_DEVICE_FAMILY = "1,2";
			};
			name = Release;
		};
		EE262AEB264258400038EBDB /* Debug */ = {
			isa = XCBuildConfiguration;
			buildSettings = {
				ALWAYS_EMBED_SWIFT_STANDARD_LIBRARIES = YES;
				BUNDLE_LOADER = "$(TEST_HOST)";
				CODE_SIGN_STYLE = Automatic;
				DEVELOPMENT_TEAM = YRHM8556J5;
				INFOPLIST_FILE = ikidTests/Info.plist;
				IPHONEOS_DEPLOYMENT_TARGET = 14.5;
				LD_RUNPATH_SEARCH_PATHS = (
					"$(inherited)",
					"@executable_path/Frameworks",
					"@loader_path/Frameworks",
				);
				PRODUCT_BUNDLE_IDENTIFIER = chang.ikidTests;
				PRODUCT_NAME = "$(TARGET_NAME)";
				SWIFT_VERSION = 5.0;
				TARGETED_DEVICE_FAMILY = "1,2";
				TEST_HOST = "$(BUILT_PRODUCTS_DIR)/ikid.app/ikid";
			};
			name = Debug;
		};
		EE262AEC264258400038EBDB /* Release */ = {
			isa = XCBuildConfiguration;
			buildSettings = {
				ALWAYS_EMBED_SWIFT_STANDARD_LIBRARIES = YES;
				BUNDLE_LOADER = "$(TEST_HOST)";
				CODE_SIGN_STYLE = Automatic;
				DEVELOPMENT_TEAM = YRHM8556J5;
				INFOPLIST_FILE = ikidTests/Info.plist;
				IPHONEOS_DEPLOYMENT_TARGET = 14.5;
				LD_RUNPATH_SEARCH_PATHS = (
					"$(inherited)",
					"@executable_path/Frameworks",
					"@loader_path/Frameworks",
				);
				PRODUCT_BUNDLE_IDENTIFIER = chang.ikidTests;
				PRODUCT_NAME = "$(TARGET_NAME)";
				SWIFT_VERSION = 5.0;
				TARGETED_DEVICE_FAMILY = "1,2";
				TEST_HOST = "$(BUILT_PRODUCTS_DIR)/ikid.app/ikid";
			};
			name = Release;
		};
		EE262AEE264258400038EBDB /* Debug */ = {
			isa = XCBuildConfiguration;
			buildSettings = {
				ALWAYS_EMBED_SWIFT_STANDARD_LIBRARIES = YES;
				CODE_SIGN_STYLE = Automatic;
				DEVELOPMENT_TEAM = YRHM8556J5;
				INFOPLIST_FILE = ikidUITests/Info.plist;
				LD_RUNPATH_SEARCH_PATHS = (
					"$(inherited)",
					"@executable_path/Frameworks",
					"@loader_path/Frameworks",
				);
				PRODUCT_BUNDLE_IDENTIFIER = chang.ikidUITests;
				PRODUCT_NAME = "$(TARGET_NAME)";
				SWIFT_VERSION = 5.0;
				TARGETED_DEVICE_FAMILY = "1,2";
				TEST_TARGET_NAME = ikid;
			};
			name = Debug;
		};
		EE262AEF264258400038EBDB /* Release */ = {
			isa = XCBuildConfiguration;
			buildSettings = {
				ALWAYS_EMBED_SWIFT_STANDARD_LIBRARIES = YES;
				CODE_SIGN_STYLE = Automatic;
				DEVELOPMENT_TEAM = YRHM8556J5;
				INFOPLIST_FILE = ikidUITests/Info.plist;
				LD_RUNPATH_SEARCH_PATHS = (
					"$(inherited)",
					"@executable_path/Frameworks",
					"@loader_path/Frameworks",
				);
				PRODUCT_BUNDLE_IDENTIFIER = chang.ikidUITests;
				PRODUCT_NAME = "$(TARGET_NAME)";
				SWIFT_VERSION = 5.0;
				TARGETED_DEVICE_FAMILY = "1,2";
				TEST_TARGET_NAME = ikid;
			};
			name = Release;
		};
/* End XCBuildConfiguration section */

/* Begin XCConfigurationList section */
		EE262AB82642583F0038EBDB /* Build configuration list for PBXProject "ikid" */ = {
			isa = XCConfigurationList;
			buildConfigurations = (
				EE262AE5264258400038EBDB /* Debug */,
				EE262AE6264258400038EBDB /* Release */,
			);
			defaultConfigurationIsVisible = 0;
			defaultConfigurationName = Release;
		};
		EE262AE7264258400038EBDB /* Build configuration list for PBXNativeTarget "ikid" */ = {
			isa = XCConfigurationList;
			buildConfigurations = (
				EE262AE8264258400038EBDB /* Debug */,
				EE262AE9264258400038EBDB /* Release */,
			);
			defaultConfigurationIsVisible = 0;
			defaultConfigurationName = Release;
		};
		EE262AEA264258400038EBDB /* Build configuration list for PBXNativeTarget "ikidTests" */ = {
			isa = XCConfigurationList;
			buildConfigurations = (
				EE262AEB264258400038EBDB /* Debug */,
				EE262AEC264258400038EBDB /* Release */,
			);
			defaultConfigurationIsVisible = 0;
			defaultConfigurationName = Release;
		};
		EE262AED264258400038EBDB /* Build configuration list for PBXNativeTarget "ikidUITests" */ = {
			isa = XCConfigurationList;
			buildConfigurations = (
				EE262AEE264258400038EBDB /* Debug */,
				EE262AEF264258400038EBDB /* Release */,
			);
			defaultConfigurationIsVisible = 0;
			defaultConfigurationName = Release;
		};
/* End XCConfigurationList section */
	};
	rootObject = EE262AB52642583F0038EBDB /* Project object */;
}
